
Microsoft Visual Studio Solution File, Format Version 12.00
# Visual Studio Version 17
VisualStudioVersion = 17.1.32210.238
MinimumVisualStudioVersion = 10.0.40219.1
Project("{FAE04EC0-301F-11D3-BF4B-00C04F79EFBC}") = "TenderManagementSystem", "TenderManagementSystem\TenderManagementSystem.csproj", "{908DA7D0-68BE-4BAE-ACE0-7C15A915191B}"
EndProject
Global
	GlobalSection(SolutionConfigurationPlatforms) = preSolution
		Debug|Any CPU = Debug|Any CPU
		Release|Any CPU = Release|Any CPU
	EndGlobalSection
	GlobalSection(ProjectConfigurationPlatforms) = postSolution
		{908DA7D0-68BE-4BAE-ACE0-7C15A915191B}.Debug|Any CPU.ActiveCfg = Debug|Any CPU
		{908DA7D0-68BE-4BAE-ACE0-7C15A915191B}.Debug|Any CPU.Build.0 = Debug|Any CPU
		{908DA7D0-68BE-4BAE-ACE0-7C15A915191B}.Release|Any CPU.ActiveCfg = Release|Any CPU
		{908DA7D0-68BE-4BAE-ACE0-7C15A915191B}.Release|Any CPU.Build.0 = Release|Any CPU
	EndGlobalSection
	GlobalSection(SolutionProperties) = preSolution
		HideSolutionNode = FALSE
	EndGlobalSection
	GlobalSection(ExtensibilityGlobals) = postSolution
		SolutionGuid = {8D607195-D5F0-42E9-AB78-D1A39B941EC0}
	EndGlobalSection
EndGlobal
